Microsoft Visual Studio Solution File, Format Version 12.00
# Visual Studio 15
VisualStudioVersion = 15.0.26430.14
MinimumVisualStudioVersion = 10.0.40219.1
Project("{FAE04EC0-301F-11D3-BF4B-00C04F79EFBC}") = "SpotifyWebAPI.Standard", "SpotifyWebAPI.Standard/SpotifyWebAPI.Standard.csproj", "{6b310455-669b-478b-833c-0310971ca39c}"
EndProject
Global
    GlobalSection(SolutionConfigurationPlatforms) = preSolution
        Debug|Any CPU = Debug|Any CPU
        Release|Any CPU = Release|Any CPU
    EndGlobalSection
    GlobalSection(ProjectConfigurationPlatforms) = postSolution
        {6b310455-669b-478b-833c-0310971ca39c}.Debug|Any CPU.ActiveCfg = Debug|Any CPU
        {6b310455-669b-478b-833c-0310971ca39c}.Debug|Any CPU.Build.0 = Debug|Any CPU
        {6b310455-669b-478b-833c-0310971ca39c}.Release|Any CPU.ActiveCfg = Release|Any CPU
        {6b310455-669b-478b-833c-0310971ca39c}.Release|Any CPU.Build.0 = Release|Any CPU
    EndGlobalSection
    GlobalSection(SolutionProperties) = preSolution
        HideSolutionNode = FALSE
    EndGlobalSection
EndGlobal
